
Microsoft Visual Studio Solution File, Format Version 12.00
# Visual Studio Version 17
VisualStudioVersion = 17.11.35017.193
MinimumVisualStudioVersion = 10.0.40219.1
Project("{9A19103F-16F7-4668-BE54-9A1E7A4F7556}") = "Casino.User.Api", "src\Casino.User.Api\Casino.User.Api.csproj", "{CB25793A-9DEE-43A8-8D82-0D428EA51C01}"
EndProject
Project("{2150E333-8FDC-42A3-9474-1A3956D46DE8}") = "tests", "tests", "{BC87DE42-30AB-40F0-BD1F-2D7F82591CAD}"
EndProject
Project("{FAE04EC0-301F-11D3-BF4B-00C04F79EFBC}") = "Casino.User.Api.Tests", "tests\Casino.User.Api.Tests\Casino.User.Api.Tests.csproj", "{065CB4C1-C949-49E4-9093-5D5481B3552E}"
EndProject
Global
	GlobalSection(SolutionConfigurationPlatforms) = preSolution
		Debug|Any CPU = Debug|Any CPU
		Release|Any CPU = Release|Any CPU
	EndGlobalSection
	GlobalSection(ProjectConfigurationPlatforms) = postSolution
		{CB25793A-9DEE-43A8-8D82-0D428EA51C01}.Debug|Any CPU.ActiveCfg = Debug|Any CPU
		{CB25793A-9DEE-43A8-8D82-0D428EA51C01}.Debug|Any CPU.Build.0 = Debug|Any CPU
		{CB25793A-9DEE-43A8-8D82-0D428EA51C01}.Release|Any CPU.ActiveCfg = Release|Any CPU
		{CB25793A-9DEE-43A8-8D82-0D428EA51C01}.Release|Any CPU.Build.0 = Release|Any CPU
		{065CB4C1-C949-49E4-9093-5D5481B3552E}.Debug|Any CPU.ActiveCfg = Debug|Any CPU
		{065CB4C1-C949-49E4-9093-5D5481B3552E}.Debug|Any CPU.Build.0 = Debug|Any CPU
		{065CB4C1-C949-49E4-9093-5D5481B3552E}.Release|Any CPU.ActiveCfg = Release|Any CPU
		{065CB4C1-C949-49E4-9093-5D5481B3552E}.Release|Any CPU.Build.0 = Release|Any CPU
	EndGlobalSection
	GlobalSection(SolutionProperties) = preSolution
		HideSolutionNode = FALSE
	EndGlobalSection
	GlobalSection(ExtensibilityGlobals) = postSolution
		SolutionGuid = {F73CDC12-1326-4F4E-90D4-EECD8E08E245}
	EndGlobalSection
	GlobalSection(NestedProjects) = preSolution
		{065CB4C1-C949-49E4-9093-5D5481B3552E} = {BC87DE42-30AB-40F0-BD1F-2D7F82591CAD}
	EndGlobalSection
EndGlobal
